# THIS IS AN AUTOGENERATED FILE. DO NOT EDIT THIS FILE DIRECTLY.
# yarn lockfile v1


bs-platform@^4.0.5:
  version "4.0.5"
  resolved "https://registry.yarnpkg.com/bs-platform/-/bs-platform-4.0.5.tgz#d4fd9bbdd11765af5b75110a5655065ece05eed6"

colors@>=0.6.0:
  version "1.3.1"
  resolved "https://registry.yarnpkg.com/colors/-/colors-1.3.1.tgz#4accdb89cf2cabc7f982771925e9468784f32f3d"

mime@^1.2.9:
  version "1.6.0"
  resolved "https://registry.yarnpkg.com/mime/-/mime-1.6.0.tgz#32cd9e5c64553bd58d19a568af452acff04981b1"

minimist@~0.0.1:
  version "0.0.10"
  resolved "https://registry.yarnpkg.com/minimist/-/minimist-0.0.10.tgz#de3f98543dbf96082be48ad1a0c7cda836301dcf"

node-static@^0.7.10:
  version "0.7.10"
  resolved "https://registry.yarnpkg.com/node-static/-/node-static-0.7.10.tgz#a1ddb72027c7f67179fb33487807b57e8bc7d2e7"
  dependencies:
    colors ">=0.6.0"
    mime "^1.2.9"
    optimist ">=0.3.4"

optimist@>=0.3.4:
  version "0.6.1"
  resolved "https://registry.yarnpkg.com/optimist/-/optimist-0.6.1.tgz#da3ea74686fa21a19a111c326e90eb15a0196686"
  dependencies:
    minimist "~0.0.1"
    wordwrap "~0.0.2"

wordwrap@~0.0.2:
  version "0.0.3"
  resolved "https://registry.yarnpkg.com/wordwrap/-/wordwrap-0.0.3.tgz#a3d5da6cd5c0bc0008d37234bbaf1bed63059107"
